# This file is autogenerated, do not edit; changes may be undone by the next 'dep ensure'.


[[projects]]
  name = "github.com/antlr/antlr4"
  packages = ["runtime/Go/antlr"]
  revision = "bdc05c87be2ad981744223df0fd745e8345baba9"
  version = "4.7.1"

[solve-meta]
  analyzer-name = "dep"
  analyzer-version = 1
  inputs-digest = "978d69ec3eedaed0189d95d3f074153b3f2054c25e81c0c56b5bf9cd4ac2b210"
  solver-name = "gps-cdcl"
  solver-version = 1
